
Microsoft Visual Studio Solution File, Format Version 11.00
# Visual Studio 2010
Project("{FAE04EC0-301F-11D3-BF4B-00C04F79EFBC}") = "CIScreenSaver", "CIScreenSaver\CIScreenSaver.csproj", "{BAD8DD03-4249-42D3-8DAC-EE4F621371EA}"
EndProject
Project("{FAE04EC0-301F-11D3-BF4B-00C04F79EFBC}") = "ScreenSaverConfigurator", "ScreenSaverConfigurator\ScreenSaverConfigurator.csproj", "{63F38B50-C4A7-4DA1-B188-ADB0F3973F43}"
EndProject
Project("{2150E333-8FDC-42A3-9474-1A3956D46DE8}") = "Solution Items", "Solution Items", "{001A9CED-3791-4210-8D0A-FB70B6947334}"
	ProjectSection(SolutionItems) = preProject
		CISS_Configurations.xml = CISS_Configurations.xml
	EndProjectSection
EndProject
Project("{FAE04EC0-301F-11D3-BF4B-00C04F79EFBC}") = "CityIndexHelper", "CityIndexHelper\CityIndexHelper.csproj", "{66D3D05F-51C8-4283-AF1C-B66DD09440E4}"
EndProject
Project("{54435603-DBB4-11D2-8724-00A0C9A8B90C}") = "CISSSetup", "CISSSetup\CISSSetup.vdproj", "{77245002-74E1-4702-BDA3-BD58F20C4017}"
EndProject
Global
	GlobalSection(SolutionConfigurationPlatforms) = preSolution
		Debug|Any CPU = Debug|Any CPU
		Debug|Mixed Platforms = Debug|Mixed Platforms
		Debug|x86 = Debug|x86
		Release|Any CPU = Release|Any CPU
		Release|Mixed Platforms = Release|Mixed Platforms
		Release|x86 = Release|x86
	EndGlobalSection
	GlobalSection(ProjectConfigurationPlatforms) = postSolution
		{BAD8DD03-4249-42D3-8DAC-EE4F621371EA}.Debug|Any CPU.ActiveCfg = Debug|x86
		{BAD8DD03-4249-42D3-8DAC-EE4F621371EA}.Debug|Mixed Platforms.ActiveCfg = Debug|x86
		{BAD8DD03-4249-42D3-8DAC-EE4F621371EA}.Debug|Mixed Platforms.Build.0 = Debug|x86
		{BAD8DD03-4249-42D3-8DAC-EE4F621371EA}.Debug|x86.ActiveCfg = Debug|x86
		{BAD8DD03-4249-42D3-8DAC-EE4F621371EA}.Debug|x86.Build.0 = Debug|x86
		{BAD8DD03-4249-42D3-8DAC-EE4F621371EA}.Release|Any CPU.ActiveCfg = Release|x86
		{BAD8DD03-4249-42D3-8DAC-EE4F621371EA}.Release|Mixed Platforms.ActiveCfg = Release|x86
		{BAD8DD03-4249-42D3-8DAC-EE4F621371EA}.Release|Mixed Platforms.Build.0 = Release|x86
		{BAD8DD03-4249-42D3-8DAC-EE4F621371EA}.Release|x86.ActiveCfg = Release|x86
		{BAD8DD03-4249-42D3-8DAC-EE4F621371EA}.Release|x86.Build.0 = Release|x86
		{63F38B50-C4A7-4DA1-B188-ADB0F3973F43}.Debug|Any CPU.ActiveCfg = Debug|x86
		{63F38B50-C4A7-4DA1-B188-ADB0F3973F43}.Debug|Mixed Platforms.ActiveCfg = Debug|x86
		{63F38B50-C4A7-4DA1-B188-ADB0F3973F43}.Debug|Mixed Platforms.Build.0 = Debug|x86
		{63F38B50-C4A7-4DA1-B188-ADB0F3973F43}.Debug|x86.ActiveCfg = Debug|x86
		{63F38B50-C4A7-4DA1-B188-ADB0F3973F43}.Debug|x86.Build.0 = Debug|x86
		{63F38B50-C4A7-4DA1-B188-ADB0F3973F43}.Release|Any CPU.ActiveCfg = Release|x86
		{63F38B50-C4A7-4DA1-B188-ADB0F3973F43}.Release|Mixed Platforms.ActiveCfg = Release|x86
		{63F38B50-C4A7-4DA1-B188-ADB0F3973F43}.Release|Mixed Platforms.Build.0 = Release|x86
		{63F38B50-C4A7-4DA1-B188-ADB0F3973F43}.Release|x86.ActiveCfg = Release|x86
		{63F38B50-C4A7-4DA1-B188-ADB0F3973F43}.Release|x86.Build.0 = Release|x86
		{66D3D05F-51C8-4283-AF1C-B66DD09440E4}.Debug|Any CPU.ActiveCfg = Debug|Any CPU
		{66D3D05F-51C8-4283-AF1C-B66DD09440E4}.Debug|Any CPU.Build.0 = Debug|Any CPU
		{66D3D05F-51C8-4283-AF1C-B66DD09440E4}.Debug|Mixed Platforms.ActiveCfg = Debug|Any CPU
		{66D3D05F-51C8-4283-AF1C-B66DD09440E4}.Debug|Mixed Platforms.Build.0 = Debug|Any CPU
		{66D3D05F-51C8-4283-AF1C-B66DD09440E4}.Debug|x86.ActiveCfg = Debug|Any CPU
		{66D3D05F-51C8-4283-AF1C-B66DD09440E4}.Release|Any CPU.ActiveCfg = Release|Any CPU
		{66D3D05F-51C8-4283-AF1C-B66DD09440E4}.Release|Any CPU.Build.0 = Release|Any CPU
		{66D3D05F-51C8-4283-AF1C-B66DD09440E4}.Release|Mixed Platforms.ActiveCfg = Release|Any CPU
		{66D3D05F-51C8-4283-AF1C-B66DD09440E4}.Release|Mixed Platforms.Build.0 = Release|Any CPU
		{66D3D05F-51C8-4283-AF1C-B66DD09440E4}.Release|x86.ActiveCfg = Release|Any CPU
		{77245002-74E1-4702-BDA3-BD58F20C4017}.Debug|Any CPU.ActiveCfg = Debug
		{77245002-74E1-4702-BDA3-BD58F20C4017}.Debug|Mixed Platforms.ActiveCfg = Debug
		{77245002-74E1-4702-BDA3-BD58F20C4017}.Debug|x86.ActiveCfg = Debug
		{77245002-74E1-4702-BDA3-BD58F20C4017}.Release|Any CPU.ActiveCfg = Release
		{77245002-74E1-4702-BDA3-BD58F20C4017}.Release|Mixed Platforms.ActiveCfg = Release
		{77245002-74E1-4702-BDA3-BD58F20C4017}.Release|x86.ActiveCfg = Release
	EndGlobalSection
	GlobalSection(SolutionProperties) = preSolution
		HideSolutionNode = FALSE
	EndGlobalSection
EndGlobal
